
Microsoft Visual Studio Solution File, Format Version 12.00
# Visual Studio Version 17
VisualStudioVersion = 17.9.34616.47
MinimumVisualStudioVersion = 10.0.40219.1
Project("{FAE04EC0-301F-11D3-BF4B-00C04F79EFBC}") = "CLDV_POE", "CLDV_POE.csproj", "{389BA64B-2C97-4661-95EE-4709AD9D1D1B}"
EndProject
Global
	GlobalSection(SolutionConfigurationPlatforms) = preSolution
		Debug|Any CPU = Debug|Any CPU
		Release|Any CPU = Release|Any CPU
	EndGlobalSection
	GlobalSection(ProjectConfigurationPlatforms) = postSolution
		{389BA64B-2C97-4661-95EE-4709AD9D1D1B}.Debug|Any CPU.ActiveCfg = Debug|Any CPU
		{389BA64B-2C97-4661-95EE-4709AD9D1D1B}.Debug|Any CPU.Build.0 = Debug|Any CPU
		{389BA64B-2C97-4661-95EE-4709AD9D1D1B}.Release|Any CPU.ActiveCfg = Release|Any CPU
		{389BA64B-2C97-4661-95EE-4709AD9D1D1B}.Release|Any CPU.Build.0 = Release|Any CPU
	EndGlobalSection
	GlobalSection(SolutionProperties) = preSolution
		HideSolutionNode = FALSE
	EndGlobalSection
	GlobalSection(ExtensibilityGlobals) = postSolution
		SolutionGuid = {DDA30BEE-C726-4570-8829-63094250D0B3}
	EndGlobalSection
EndGlobal
